
Microsoft Visual Studio Solution File, Format Version 12.00
# Visual Studio 15
VisualStudioVersion = 15.0.28307.271
MinimumVisualStudioVersion = 10.0.40219.1
Project("{FAE04EC0-301F-11D3-BF4B-00C04F79EFBC}") = "PX.Objects.MobiPunch", "PX.Objects.MobiPunch\PX.Objects.MobiPunch.csproj", "{8802507E-1EA0-4733-9BAA-8150ED38FB37}"
EndProject
Project("{2150E333-8FDC-42A3-9474-1A3956D46DE8}") = "SQL", "SQL", "{DF276158-D6F4-4CF2-BEE4-31F5B1FAF263}"
	ProjectSection(SolutionItems) = preProject
		SQL\PunchEmployee.sql = SQL\PunchEmployee.sql
		SQL\PunchEmployeeActivity.sql = SQL\PunchEmployeeActivity.sql
	EndProjectSection
EndProject
Project("{2150E333-8FDC-42A3-9474-1A3956D46DE8}") = "CustomizationProject", "CustomizationProject", "{BD883BBF-CF3B-4D6E-A5C5-E5BFF5D4ECB7}"
EndProject
Project("{E24C65DC-7377-472B-9ABA-BC803B73C61A}") = "Site", "Site\", "{F7DA0AA8-84BA-40B1-A79B-2A3022FEAFCA}"
	ProjectSection(WebsiteProperties) = preProject
		TargetFrameworkMoniker = ".NETFramework,Version%3Dv4.7.1"
		ProjectReferences = "{8802507e-1ea0-4733-9baa-8150ed38fb37}|PX.Objects.MobiPunch.dll;"
		Debug.AspNetCompiler.VirtualPath = "/localhost_54151"
		Debug.AspNetCompiler.PhysicalPath = "Site\"
		Debug.AspNetCompiler.TargetPath = "PrecompiledWeb\localhost_54151\"
		Debug.AspNetCompiler.Updateable = "true"
		Debug.AspNetCompiler.ForceOverwrite = "true"
		Debug.AspNetCompiler.FixedNames = "false"
		Debug.AspNetCompiler.Debug = "True"
		Release.AspNetCompiler.VirtualPath = "/localhost_54151"
		Release.AspNetCompiler.PhysicalPath = "Site\"
		Release.AspNetCompiler.TargetPath = "PrecompiledWeb\localhost_54151\"
		Release.AspNetCompiler.Updateable = "true"
		Release.AspNetCompiler.ForceOverwrite = "true"
		Release.AspNetCompiler.FixedNames = "false"
		Release.AspNetCompiler.Debug = "False"
		VWDPort = "54151"
		SlnRelativePath = "Site\"
	EndProjectSection
EndProject
Global
	GlobalSection(SolutionConfigurationPlatforms) = preSolution
		Debug|Any CPU = Debug|Any CPU
		Release|Any CPU = Release|Any CPU
	EndGlobalSection
	GlobalSection(ProjectConfigurationPlatforms) = postSolution
		{8802507E-1EA0-4733-9BAA-8150ED38FB37}.Debug|Any CPU.ActiveCfg = Debug|Any CPU
		{8802507E-1EA0-4733-9BAA-8150ED38FB37}.Debug|Any CPU.Build.0 = Debug|Any CPU
		{8802507E-1EA0-4733-9BAA-8150ED38FB37}.Release|Any CPU.ActiveCfg = Release|Any CPU
		{8802507E-1EA0-4733-9BAA-8150ED38FB37}.Release|Any CPU.Build.0 = Release|Any CPU
		{F7DA0AA8-84BA-40B1-A79B-2A3022FEAFCA}.Debug|Any CPU.ActiveCfg = Debug|Any CPU
		{F7DA0AA8-84BA-40B1-A79B-2A3022FEAFCA}.Release|Any CPU.ActiveCfg = Debug|Any CPU
	EndGlobalSection
	GlobalSection(SolutionProperties) = preSolution
		HideSolutionNode = FALSE
	EndGlobalSection
	GlobalSection(ExtensibilityGlobals) = postSolution
		SolutionGuid = {5578B152-001D-4FE8-994E-CB79F251A519}
	EndGlobalSection
EndGlobal
